// !$*UTF8*$!
{
	archiveVersion = 1;
	classes = {
	};
	objectVersion = 56;
	objects = {

/* Begin PBXBuildFile section */
		F38F47532BA3E680009C63D7 /* AppDelegate.m in Sources */ = {isa = PBXBuildFile; fileRef = F38F47522BA3E680009C63D7 /* AppDelegate.m */; };
		F38F47552BA3E681009C63D7 /* Assets.xcassets in Resources */ = {isa = PBXBuildFile; fileRef = F38F47542BA3E681009C63D7 /* Assets.xcassets */; };
		F38F47582BA3E681009C63D7 /* Base in Resources */ = {isa = PBXBuildFile; fileRef = F38F47572BA3E681009C63D7 /* Base */; };
		F38F475A2BA3E681009C63D7 /* main.m in Sources */ = {isa = PBXBuildFile; fileRef = F38F47592BA3E681009C63D7 /* main.m */; };
		F38F47652BA3E681009C63D7 /* Mummy_MazeTests.m in Sources */ = {isa = PBXBuildFile; fileRef = F38F47642BA3E681009C63D7 /* Mummy_MazeTests.m */; };
		F38F476F2BA3E681009C63D7 /* Mummy_MazeUITests.m in Sources */ = {isa = PBXBuildFile; fileRef = F38F476E2BA3E681009C63D7 /* Mummy_MazeUITests.m */; };
		F38F47712BA3E681009C63D7 /* Mummy_MazeUITestsLaunchTests.m in Sources */ = {isa = PBXBuildFile; fileRef = F38F47702BA3E681009C63D7 /* Mummy_MazeUITestsLaunchTests.m */; };
/* End PBXBuildFile section */

/* Begin PBXContainerItemProxy section */
		F38F47612BA3E681009C63D7 /* PBXContainerItemProxy */ = {
			isa = PBXContainerItemProxy;
			containerPortal = F38F47462BA3E680009C63D7 /* Project object */;
			proxyType = 1;
			remoteGlobalIDString = F38F474D2BA3E680009C63D7;
			remoteInfo = "Mummy Maze";
		};
		F38F476B2BA3E681009C63D7 /* PBXContainerItemProxy */ = {
			isa = PBXContainerItemProxy;
			containerPortal = F38F47462BA3E680009C63D7 /* Project object */;
			proxyType = 1;
			remoteGlobalIDString = F38F474D2BA3E680009C63D7;
			remoteInfo = "Mummy Maze";
		};
/* End PBXContainerItemProxy section */

/* Begin PBXFileReference section */
		F38F474E2BA3E680009C63D7 /* Mummy Maze.app */ = {isa = PBXFileReference; explicitFileType = wrapper.application; includeInIndex = 0; path = "Mummy Maze.app"; sourceTree = BUILT_PRODUCTS_DIR; };
		F38F47512BA3E680009C63D7 /* AppDelegate.h */ = {isa = PBXFileReference; lastKnownFileType = sourcecode.c.h; path = AppDelegate.h; sourceTree = "<group>"; };
		F38F47522BA3E680009C63D7 /* AppDelegate.m */ = {isa = PBXFileReference; lastKnownFileType = sourcecode.c.objc; path = AppDelegate.m; sourceTree = "<group>"; };
		F38F47542BA3E681009C63D7 /* Assets.xcassets */ = {isa = PBXFileReference; lastKnownFileType = folder.assetcatalog; path = Assets.xcassets; sourceTree = "<group>"; };
		F38F47572BA3E681009C63D7 /* Base */ = {isa = PBXFileReference; lastKnownFileType = file.xib; name = Base; path = Base.lproj/MainMenu.xib; sourceTree = "<group>"; };
		F38F47592BA3E681009C63D7 /* main.m */ = {isa = PBXFileReference; lastKnownFileType = sourcecode.c.objc; path = main.m; sourceTree = "<group>"; };
		F38F475B2BA3E681009C63D7 /* Mummy_Maze.entitlements */ = {isa = PBXFileReference; lastKnownFileType = text.plist.entitlements; path = Mummy_Maze.entitlements; sourceTree = "<group>"; };
		F38F47602BA3E681009C63D7 /* Mummy MazeTests.xctest */ = {isa = PBXFileReference; explicitFileType = wrapper.cfbundle; includeInIndex = 0; path = "Mummy MazeTests.xctest"; sourceTree = BUILT_PRODUCTS_DIR; };
		F38F47642BA3E681009C63D7 /* Mummy_MazeTests.m */ = {isa = PBXFileReference; lastKnownFileType = sourcecode.c.objc; path = Mummy_MazeTests.m; sourceTree = "<group>"; };
		F38F476A2BA3E681009C63D7 /* Mummy MazeUITests.xctest */ = {isa = PBXFileReference; explicitFileType = wrapper.cfbundle; includeInIndex = 0; path = "Mummy MazeUITests.xctest"; sourceTree = BUILT_PRODUCTS_DIR; };
		F38F476E2BA3E681009C63D7 /* Mummy_MazeUITests.m */ = {isa = PBXFileReference; lastKnownFileType = sourcecode.c.objc; path = Mummy_MazeUITests.m; sourceTree = "<group>"; };
		F38F47702BA3E681009C63D7 /* Mummy_MazeUITestsLaunchTests.m */ = {isa = PBXFileReference; lastKnownFileType = sourcecode.c.objc; path = Mummy_MazeUITestsLaunchTests.m; sourceTree = "<group>"; };
/* End PBXFileReference section */

/* Begin PBXFrameworksBuildPhase section */
		F38F474B2BA3E680009C63D7 /* Frameworks */ = {
			isa = PBXFrameworksBuildPhase;
			buildActionMask = 2147483647;
			files = (
			);
			runOnlyForDeploymentPostprocessing = 0;
		};
		F38F475D2BA3E681009C63D7 /* Frameworks */ = {
			isa = PBXFrameworksBuildPhase;
			buildActionMask = 2147483647;
			files = (
			);
			runOnlyForDeploymentPostprocessing = 0;
		};
		F38F47672BA3E681009C63D7 /* Frameworks */ = {
			isa = PBXFrameworksBuildPhase;
			buildActionMask = 2147483647;
			files = (
			);
			runOnlyForDeploymentPostprocessing = 0;
		};
/* End PBXFrameworksBuildPhase section */

/* Begin PBXGroup section */
		F38F47452BA3E680009C63D7 = {
			isa = PBXGroup;
			children = (
				F38F47502BA3E680009C63D7 /* Mummy Maze */,
				F38F47632BA3E681009C63D7 /* Mummy MazeTests */,
				F38F476D2BA3E681009C63D7 /* Mummy MazeUITests */,
				F38F474F2BA3E680009C63D7 /* Products */,
			);
			sourceTree = "<group>";
		};
		F38F474F2BA3E680009C63D7 /* Products */ = {
			isa = PBXGroup;
			children = (
				F38F474E2BA3E680009C63D7 /* Mummy Maze.app */,
				F38F47602BA3E681009C63D7 /* Mummy MazeTests.xctest */,
				F38F476A2BA3E681009C63D7 /* Mummy MazeUITests.xctest */,
			);
			name = Products;
			sourceTree = "<group>";
		};
		F38F47502BA3E680009C63D7 /* Mummy Maze */ = {
			isa = PBXGroup;
			children = (
				F38F47512BA3E680009C63D7 /* AppDelegate.h */,
				F38F47522BA3E680009C63D7 /* AppDelegate.m */,
				F38F47542BA3E681009C63D7 /* Assets.xcassets */,
				F38F47562BA3E681009C63D7 /* MainMenu.xib */,
				F38F47592BA3E681009C63D7 /* main.m */,
				F38F475B2BA3E681009C63D7 /* Mummy_Maze.entitlements */,
			);
			path = "Mummy Maze";
			sourceTree = "<group>";
		};
		F38F47632BA3E681009C63D7 /* Mummy MazeTests */ = {
			isa = PBXGroup;
			children = (
				F38F47642BA3E681009C63D7 /* Mummy_MazeTests.m */,
			);
			path = "Mummy MazeTests";
			sourceTree = "<group>";
		};
		F38F476D2BA3E681009C63D7 /* Mummy MazeUITests */ = {
			isa = PBXGroup;
			children = (
				F38F476E2BA3E681009C63D7 /* Mummy_MazeUITests.m */,
				F38F47702BA3E681009C63D7 /* Mummy_MazeUITestsLaunchTests.m */,
			);
			path = "Mummy MazeUITests";
			sourceTree = "<group>";
		};
/* End PBXGroup section */

/* Begin PBXNativeTarget section */
		F38F474D2BA3E680009C63D7 /* Mummy Maze */ = {
			isa = PBXNativeTarget;
			buildConfigurationList = F38F47742BA3E681009C63D7 /* Build configuration list for PBXNativeTarget "Mummy Maze" */;
			buildPhases = (
				F38F474A2BA3E680009C63D7 /* Sources */,
				F38F474B2BA3E680009C63D7 /* Frameworks */,
				F38F474C2BA3E680009C63D7 /* Resources */,
			);
			buildRules = (
			);
			dependencies = (
			);
			name = "Mummy Maze";
			productName = "Mummy Maze";
			productReference = F38F474E2BA3E680009C63D7 /* Mummy Maze.app */;
			productType = "com.apple.product-type.application";
		};
		F38F475F2BA3E681009C63D7 /* Mummy MazeTests */ = {
			isa = PBXNativeTarget;
			buildConfigurationList = F38F47772BA3E681009C63D7 /* Build configuration list for PBXNativeTarget "Mummy MazeTests" */;
			buildPhases = (
				F38F475C2BA3E681009C63D7 /* Sources */,
				F38F475D2BA3E681009C63D7 /* Frameworks */,
				F38F475E2BA3E681009C63D7 /* Resources */,
			);
			buildRules = (
			);
			dependencies = (
				F38F47622BA3E681009C63D7 /* PBXTargetDependency */,
			);
			name = "Mummy MazeTests";
			productName = "Mummy MazeTests";
			productReference = F38F47602BA3E681009C63D7 /* Mummy MazeTests.xctest */;
			productType = "com.apple.product-type.bundle.unit-test";
		};
		F38F47692BA3E681009C63D7 /* Mummy MazeUITests */ = {
			isa = PBXNativeTarget;
			buildConfigurationList = F38F477A2BA3E681009C63D7 /* Build configuration list for PBXNativeTarget "Mummy MazeUITests" */;
			buildPhases = (
				F38F47662BA3E681009C63D7 /* Sources */,
				F38F47672BA3E681009C63D7 /* Frameworks */,
				F38F47682BA3E681009C63D7 /* Resources */,
			);
			buildRules = (
			);
			dependencies = (
				F38F476C2BA3E681009C63D7 /* PBXTargetDependency */,
			);
			name = "Mummy MazeUITests";
			productName = "Mummy MazeUITests";
			productReference = F38F476A2BA3E681009C63D7 /* Mummy MazeUITests.xctest */;
			productType = "com.apple.product-type.bundle.ui-testing";
		};
/* End PBXNativeTarget section */

/* Begin PBXProject section */
		F38F47462BA3E680009C63D7 /* Project object */ = {
			isa = PBXProject;
			attributes = {
				BuildIndependentTargetsInParallel = 1;
				LastUpgradeCheck = 1530;
				TargetAttributes = {
					F38F474D2BA3E680009C63D7 = {
						CreatedOnToolsVersion = 15.3;
					};
					F38F475F2BA3E681009C63D7 = {
						CreatedOnToolsVersion = 15.3;
						TestTargetID = F38F474D2BA3E680009C63D7;
					};
					F38F47692BA3E681009C63D7 = {
						CreatedOnToolsVersion = 15.3;
						TestTargetID = F38F474D2BA3E680009C63D7;
					};
				};
			};
			buildConfigurationList = F38F47492BA3E680009C63D7 /* Build configuration list for PBXProject "Mummy Maze" */;
			compatibilityVersion = "Xcode 14.0";
			developmentRegion = en;
			hasScannedForEncodings = 0;
			knownRegions = (
				en,
				Base,
			);
			mainGroup = F38F47452BA3E680009C63D7;
			productRefGroup = F38F474F2BA3E680009C63D7 /* Products */;
			projectDirPath = "";
			projectRoot = "";
			targets = (
				F38F474D2BA3E680009C63D7 /* Mummy Maze */,
				F38F475F2BA3E681009C63D7 /* Mummy MazeTests */,
				F38F47692BA3E681009C63D7 /* Mummy MazeUITests */,
			);
		};
/* End PBXProject section */

/* Begin PBXResourcesBuildPhase section */
		F38F474C2BA3E680009C63D7 /* Resources */ = {
			isa = PBXResourcesBuildPhase;
			buildActionMask = 2147483647;
			files = (
				F38F47552BA3E681009C63D7 /* Assets.xcassets in Resources */,
				F38F47582BA3E681009C63D7 /* Base in Resources */,
			);
			runOnlyForDeploymentPostprocessing = 0;
		};
		F38F475E2BA3E681009C63D7 /* Resources */ = {
			isa = PBXResourcesBuildPhase;
			buildActionMask = 2147483647;
			files = (
			);
			runOnlyForDeploymentPostprocessing = 0;
		};
		F38F47682BA3E681009C63D7 /* Resources */ = {
			isa = PBXResourcesBuildPhase;
			buildActionMask = 2147483647;
			files = (
			);
			runOnlyForDeploymentPostprocessing = 0;
		};
/* End PBXResourcesBuildPhase section */

/* Begin PBXSourcesBuildPhase section */
		F38F474A2BA3E680009C63D7 /* Sources */ = {
			isa = PBXSourcesBuildPhase;
			buildActionMask = 2147483647;
			files = (
				F38F475A2BA3E681009C63D7 /* main.m in Sources */,
				F38F47532BA3E680009C63D7 /* AppDelegate.m in Sources */,
			);
			runOnlyForDeploymentPostprocessing = 0;
		};
		F38F475C2BA3E681009C63D7 /* Sources */ = {
			isa = PBXSourcesBuildPhase;
			buildActionMask = 2147483647;
			files = (
				F38F47652BA3E681009C63D7 /* Mummy_MazeTests.m in Sources */,
			);
			runOnlyForDeploymentPostprocessing = 0;
		};
		F38F47662BA3E681009C63D7 /* Sources */ = {
			isa = PBXSourcesBuildPhase;
			buildActionMask = 2147483647;
			files = (
				F38F476F2BA3E681009C63D7 /* Mummy_MazeUITests.m in Sources */,
				F38F47712BA3E681009C63D7 /* Mummy_MazeUITestsLaunchTests.m in Sources */,
			);
			runOnlyForDeploymentPostprocessing = 0;
		};
/* End PBXSourcesBuildPhase section */

/* Begin PBXTargetDependency section */
		F38F47622BA3E681009C63D7 /* PBXTargetDependency */ = {
			isa = PBXTargetDependency;
			target = F38F474D2BA3E680009C63D7 /* Mummy Maze */;
			targetProxy = F38F47612BA3E681009C63D7 /* PBXContainerItemProxy */;
		};
		F38F476C2BA3E681009C63D7 /* PBXTargetDependency */ = {
			isa = PBXTargetDependency;
			target = F38F474D2BA3E680009C63D7 /* Mummy Maze */;
			targetProxy = F38F476B2BA3E681009C63D7 /* PBXContainerItemProxy */;
		};
/* End PBXTargetDependency section */

/* Begin PBXVariantGroup section */
		F38F47562BA3E681009C63D7 /* MainMenu.xib */ = {
			isa = PBXVariantGroup;
			children = (
				F38F47572BA3E681009C63D7 /* Base */,
			);
			name = MainMenu.xib;
			sourceTree = "<group>";
		};
/* End PBXVariantGroup section */

/* Begin XCBuildConfiguration section */
		F38F47722BA3E681009C63D7 /* Debug */ = {
			isa = XCBuildConfiguration;
			buildSettings = {
				ALWAYS_SEARCH_USER_PATHS = NO;
				ASSETCATALOG_COMPILER_GENERATE_SWIFT_ASSET_SYMBOL_EXTENSIONS = YES;
				CLANG_ANALYZER_NONNULL = YES;
				CLANG_ANALYZER_NUMBER_OBJECT_CONVERSION = YES_AGGRESSIVE;
				CLANG_CXX_LANGUAGE_STANDARD = "gnu++20";
				CLANG_ENABLE_MODULES = YES;
				CLANG_ENABLE_OBJC_ARC = YES;
				CLANG_ENABLE_OBJC_WEAK = YES;
				CLANG_WARN_BLOCK_CAPTURE_AUTORELEASING = YES;
				CLANG_WARN_BOOL_CONVERSION = YES;
				CLANG_WARN_COMMA = YES;
				CLANG_WARN_CONSTANT_CONVERSION = YES;
				CLANG_WARN_DEPRECATED_OBJC_IMPLEMENTATIONS = YES;
				CLANG_WARN_DIRECT_OBJC_ISA_USAGE = YES_ERROR;
				CLANG_WARN_DOCUMENTATION_COMMENTS = YES;
				CLANG_WARN_EMPTY_BODY = YES;
				CLANG_WARN_ENUM_CONVERSION = YES;
				CLANG_WARN_INFINITE_RECURSION = YES;
				CLANG_WARN_INT_CONVERSION = YES;
				CLANG_WARN_NON_LITERAL_NULL_CONVERSION = YES;
				CLANG_WARN_OBJC_IMPLICIT_RETAIN_SELF = YES;
				CLANG_WARN_OBJC_LITERAL_CONVERSION = YES;
				CLANG_WARN_OBJC_ROOT_CLASS = YES_ERROR;
				CLANG_WARN_QUOTED_INCLUDE_IN_FRAMEWORK_HEADER = YES;
				CLANG_WARN_RANGE_LOOP_ANALYSIS = YES;
				CLANG_WARN_STRICT_PROTOTYPES = YES;
				CLANG_WARN_SUSPICIOUS_MOVE = YES;
				CLANG_WARN_UNGUARDED_AVAILABILITY = YES_AGGRESSIVE;
				CLANG_WARN_UNREACHABLE_CODE = YES;
				CLANG_WARN__DUPLICATE_METHOD_MATCH = YES;
				COPY_PHASE_STRIP = NO;
				DEBUG_INFORMATION_FORMAT = dwarf;
				ENABLE_STRICT_OBJC_MSGSEND = YES;
				ENABLE_TESTABILITY = YES;
				ENABLE_USER_SCRIPT_SANDBOXING = YES;
				GCC_C_LANGUAGE_STANDARD = gnu17;
				GCC_DYNAMIC_NO_PIC = NO;
				GCC_NO_COMMON_BLOCKS = YES;
				GCC_OPTIMIZATION_LEVEL = 0;
				GCC_PREPROCESSOR_DEFINITIONS = (
					"DEBUG=1",
					"$(inherited)",
				);
				GCC_WARN_64_TO_32_BIT_CONVERSION = YES;
				GCC_WARN_ABOUT_RETURN_TYPE = YES_ERROR;
				GCC_WARN_UNDECLARED_SELECTOR = YES;
				GCC_WARN_UNINITIALIZED_AUTOS = YES_AGGRESSIVE;
				GCC_WARN_UNUSED_FUNCTION = YES;
				GCC_WARN_UNUSED_VARIABLE = YES;
				LOCALIZATION_PREFERS_STRING_CATALOGS = YES;
				MACOSX_DEPLOYMENT_TARGET = 14.3;
				MTL_ENABLE_DEBUG_INFO = INCLUDE_SOURCE;
				MTL_FAST_MATH = YES;
				ONLY_ACTIVE_ARCH = YES;
				SDKROOT = macosx;
			};
			name = Debug;
		};
		F38F47732BA3E681009C63D7 /* Release */ = {
			isa = XCBuildConfiguration;
			buildSettings = {
				ALWAYS_SEARCH_USER_PATHS = NO;
				ASSETCATALOG_COMPILER_GENERATE_SWIFT_ASSET_SYMBOL_EXTENSIONS = YES;
				CLANG_ANALYZER_NONNULL = YES;
				CLANG_ANALYZER_NUMBER_OBJECT_CONVERSION = YES_AGGRESSIVE;
				CLANG_CXX_LANGUAGE_STANDARD = "gnu++20";
				CLANG_ENABLE_MODULES = YES;
				CLANG_ENABLE_OBJC_ARC = YES;
				CLANG_ENABLE_OBJC_WEAK = YES;
				CLANG_WARN_BLOCK_CAPTURE_AUTORELEASING = YES;
				CLANG_WARN_BOOL_CONVERSION = YES;
				CLANG_WARN_COMMA = YES;
				CLANG_WARN_CONSTANT_CONVERSION = YES;
				CLANG_WARN_DEPRECATED_OBJC_IMPLEMENTATIONS = YES;
				CLANG_WARN_DIRECT_OBJC_ISA_USAGE = YES_ERROR;
				CLANG_WARN_DOCUMENTATION_COMMENTS = YES;
				CLANG_WARN_EMPTY_BODY = YES;
				CLANG_WARN_ENUM_CONVERSION = YES;
				CLANG_WARN_INFINITE_RECURSION = YES;
				CLANG_WARN_INT_CONVERSION = YES;
				CLANG_WARN_NON_LITERAL_NULL_CONVERSION = YES;
				CLANG_WARN_OBJC_IMPLICIT_RETAIN_SELF = YES;
				CLANG_WARN_OBJC_LITERAL_CONVERSION = YES;
				CLANG_WARN_OBJC_ROOT_CLASS = YES_ERROR;
				CLANG_WARN_QUOTED_INCLUDE_IN_FRAMEWORK_HEADER = YES;
				CLANG_WARN_RANGE_LOOP_ANALYSIS = YES;
				CLANG_WARN_STRICT_PROTOTYPES = YES;
				CLANG_WARN_SUSPICIOUS_MOVE = YES;
				CLANG_WARN_UNGUARDED_AVAILABILITY = YES_AGGRESSIVE;
				CLANG_WARN_UNREACHABLE_CODE = YES;
				CLANG_WARN__DUPLICATE_METHOD_MATCH = YES;
				COPY_PHASE_STRIP = NO;
				DEBUG_INFORMATION_FORMAT = "dwarf-with-dsym";
				ENABLE_NS_ASSERTIONS = NO;
				ENABLE_STRICT_OBJC_MSGSEND = YES;
				ENABLE_USER_SCRIPT_SANDBOXING = YES;
				GCC_C_LANGUAGE_STANDARD = gnu17;
				GCC_NO_COMMON_BLOCKS = YES;
				GCC_WARN_64_TO_32_BIT_CONVERSION = YES;
				GCC_WARN_ABOUT_RETURN_TYPE = YES_ERROR;
				GCC_WARN_UNDECLARED_SELECTOR = YES;
				GCC_WARN_UNINITIALIZED_AUTOS = YES_AGGRESSIVE;
				GCC_WARN_UNUSED_FUNCTION = YES;
				GCC_WARN_UNUSED_VARIABLE = YES;
				LOCALIZATION_PREFERS_STRING_CATALOGS = YES;
				MACOSX_DEPLOYMENT_TARGET = 14.3;
				MTL_ENABLE_DEBUG_INFO = NO;
				MTL_FAST_MATH = YES;
				SDKROOT = macosx;
			};
			name = Release;
		};
		F38F47752BA3E681009C63D7 /* Debug */ = {
			isa = XCBuildConfiguration;
			buildSettings = {
				ASSETCATALOG_COMPILER_APPICON_NAME = AppIcon;
				ASSETCATALOG_COMPILER_GLOBAL_ACCENT_COLOR_NAME = AccentColor;
				CODE_SIGN_ENTITLEMENTS = "Mummy Maze/Mummy_Maze.entitlements";
				CODE_SIGN_STYLE = Automatic;
				COMBINE_HIDPI_IMAGES = YES;
				CURRENT_PROJECT_VERSION = 1;
				GENERATE_INFOPLIST_FILE = YES;
				INFOPLIST_KEY_NSHumanReadableCopyright = "";
				INFOPLIST_KEY_NSMainNibFile = MainMenu;
				INFOPLIST_KEY_NSPrincipalClass = NSApplication;
				LD_RUNPATH_SEARCH_PATHS = (
					"$(inherited)",
					"@executable_path/../Frameworks",
				);
				MARKETING_VERSION = 1.0;
				PRODUCT_BUNDLE_IDENTIFIER = "Thiha.Mummy-Maze";
				PRODUCT_NAME = "$(TARGET_NAME)";
				SWIFT_EMIT_LOC_STRINGS = YES;
			};
			name = Debug;
		};
		F38F47762BA3E681009C63D7 /* Release */ = {
			isa = XCBuildConfiguration;
			buildSettings = {
				ASSETCATALOG_COMPILER_APPICON_NAME = AppIcon;
				ASSETCATALOG_COMPILER_GLOBAL_ACCENT_COLOR_NAME = AccentColor;
				CODE_SIGN_ENTITLEMENTS = "Mummy Maze/Mummy_Maze.entitlements";
				CODE_SIGN_STYLE = Automatic;
				COMBINE_HIDPI_IMAGES = YES;
				CURRENT_PROJECT_VERSION = 1;
				GENERATE_INFOPLIST_FILE = YES;
				INFOPLIST_KEY_NSHumanReadableCopyright = "";
				INFOPLIST_KEY_NSMainNibFile = MainMenu;
				INFOPLIST_KEY_NSPrincipalClass = NSApplication;
				LD_RUNPATH_SEARCH_PATHS = (
					"$(inherited)",
					"@executable_path/../Frameworks",
				);
				MARKETING_VERSION = 1.0;
				PRODUCT_BUNDLE_IDENTIFIER = "Thiha.Mummy-Maze";
				PRODUCT_NAME = "$(TARGET_NAME)";
				SWIFT_EMIT_LOC_STRINGS = YES;
			};
			name = Release;
		};
		F38F47782BA3E681009C63D7 /* Debug */ = {
			isa = XCBuildConfiguration;
			buildSettings = {
				BUNDLE_LOADER = "$(TEST_HOST)";
				CODE_SIGN_STYLE = Automatic;
				CURRENT_PROJECT_VERSION = 1;
				GENERATE_INFOPLIST_FILE = YES;
				MACOSX_DEPLOYMENT_TARGET = 14.3;
				MARKETING_VERSION = 1.0;
				PRODUCT_BUNDLE_IDENTIFIER = "Thiha.Mummy-MazeTests";
				PRODUCT_NAME = "$(TARGET_NAME)";
				SWIFT_EMIT_LOC_STRINGS = NO;
				TEST_HOST = "$(BUILT_PRODUCTS_DIR)/Mummy Maze.app/$(BUNDLE_EXECUTABLE_FOLDER_PATH)/Mummy Maze";
			};
			name = Debug;
		};
		F38F47792BA3E681009C63D7 /* Release */ = {
			isa = XCBuildConfiguration;
			buildSettings = {
				BUNDLE_LOADER = "$(TEST_HOST)";
				CODE_SIGN_STYLE = Automatic;
				CURRENT_PROJECT_VERSION = 1;
				GENERATE_INFOPLIST_FILE = YES;
				MACOSX_DEPLOYMENT_TARGET = 14.3;
				MARKETING_VERSION = 1.0;
				PRODUCT_BUNDLE_IDENTIFIER = "Thiha.Mummy-MazeTests";
				PRODUCT_NAME = "$(TARGET_NAME)";
				SWIFT_EMIT_LOC_STRINGS = NO;
				TEST_HOST = "$(BUILT_PRODUCTS_DIR)/Mummy Maze.app/$(BUNDLE_EXECUTABLE_FOLDER_PATH)/Mummy Maze";
			};
			name = Release;
		};
		F38F477B2BA3E681009C63D7 /* Debug */ = {
			isa = XCBuildConfiguration;
			buildSettings = {
				CODE_SIGN_STYLE = Automatic;
				CURRENT_PROJECT_VERSION = 1;
				GENERATE_INFOPLIST_FILE = YES;
				MARKETING_VERSION = 1.0;
				PRODUCT_BUNDLE_IDENTIFIER = "Thiha.Mummy-MazeUITests";
				PRODUCT_NAME = "$(TARGET_NAME)";
				SWIFT_EMIT_LOC_STRINGS = NO;
				TEST_TARGET_NAME = "Mummy Maze";
			};
			name = Debug;
		};
		F38F477C2BA3E681009C63D7 /* Release */ = {
			isa = XCBuildConfiguration;
			buildSettings = {
				CODE_SIGN_STYLE = Automatic;
				CURRENT_PROJECT_VERSION = 1;
				GENERATE_INFOPLIST_FILE = YES;
				MARKETING_VERSION = 1.0;
				PRODUCT_BUNDLE_IDENTIFIER = "Thiha.Mummy-MazeUITests";
				PRODUCT_NAME = "$(TARGET_NAME)";
				SWIFT_EMIT_LOC_STRINGS = NO;
				TEST_TARGET_NAME = "Mummy Maze";
			};
			name = Release;
		};
/* End XCBuildConfiguration section */

/* Begin XCConfigurationList section */
		F38F47492BA3E680009C63D7 /* Build configuration list for PBXProject "Mummy Maze" */ = {
			isa = XCConfigurationList;
			buildConfigurations = (
				F38F47722BA3E681009C63D7 /* Debug */,
				F38F47732BA3E681009C63D7 /* Release */,
			);
			defaultConfigurationIsVisible = 0;
			defaultConfigurationName = Release;
		};
		F38F47742BA3E681009C63D7 /* Build configuration list for PBXNativeTarget "Mummy Maze" */ = {
			isa = XCConfigurationList;
			buildConfigurations = (
				F38F47752BA3E681009C63D7 /* Debug */,
				F38F47762BA3E681009C63D7 /* Release */,
			);
			defaultConfigurationIsVisible = 0;
			defaultConfigurationName = Release;
		};
		F38F47772BA3E681009C63D7 /* Build configuration list for PBXNativeTarget "Mummy MazeTests" */ = {
			isa = XCConfigurationList;
			buildConfigurations = (
				F38F47782BA3E681009C63D7 /* Debug */,
				F38F47792BA3E681009C63D7 /* Release */,
			);
			defaultConfigurationIsVisible = 0;
			defaultConfigurationName = Release;
		};
		F38F477A2BA3E681009C63D7 /* Build configuration list for PBXNativeTarget "Mummy MazeUITests" */ = {
			isa = XCConfigurationList;
			buildConfigurations = (
				F38F477B2BA3E681009C63D7 /* Debug */,
				F38F477C2BA3E681009C63D7 /* Release */,
			);
			defaultConfigurationIsVisible = 0;
			defaultConfigurationName = Release;
		};
/* End XCConfigurationList section */
	};
	rootObject = F38F47462BA3E680009C63D7 /* Project object */;
}
